
Microsoft Visual Studio Solution File, Format Version 12.00
# Visual Studio Version 16
VisualStudioVersion = 16.0.30011.22
MinimumVisualStudioVersion = 10.0.40219.1
Project("{FAE04EC0-301F-11D3-BF4B-00C04F79EFBC}") = "borcanelGame", "borcanelGame\borcanelGame.csproj", "{8FD00E80-C39A-4F0E-9C23-37836CB0A240}"
EndProject
Global
	GlobalSection(SolutionConfigurationPlatforms) = preSolution
		Debug|x86 = Debug|x86
		Release|x86 = Release|x86
	EndGlobalSection
	GlobalSection(ProjectConfigurationPlatforms) = postSolution
		{8FD00E80-C39A-4F0E-9C23-37836CB0A240}.Debug|x86.ActiveCfg = Debug|x86
		{8FD00E80-C39A-4F0E-9C23-37836CB0A240}.Debug|x86.Build.0 = Debug|x86
		{8FD00E80-C39A-4F0E-9C23-37836CB0A240}.Release|x86.ActiveCfg = Release|x86
		{8FD00E80-C39A-4F0E-9C23-37836CB0A240}.Release|x86.Build.0 = Release|x86
	EndGlobalSection
	GlobalSection(SolutionProperties) = preSolution
		HideSolutionNode = FALSE
	EndGlobalSection
	GlobalSection(ExtensibilityGlobals) = postSolution
		SolutionGuid = {39E854EC-4B75-4337-8FBE-7B947A9C040C}
	EndGlobalSection
EndGlobal
